
Microsoft Visual Studio Solution File, Format Version 12.00
# Visual Studio Version 17
VisualStudioVersion = 17.12.35707.178 d17.12
MinimumVisualStudioVersion = 10.0.40219.1
Project("{8BC9CEB8-8B4A-11D0-8D11-00A0C91BC942}") = "04.array", "04.array\04.array.vcxproj", "{847C017E-B51F-48DD-9E99-64D24203CB52}"
EndProject
Global
	GlobalSection(SolutionConfigurationPlatforms) = preSolution
		Debug|x64 = Debug|x64
		Debug|x86 = Debug|x86
		Release|x64 = Release|x64
		Release|x86 = Release|x86
	EndGlobalSection
	GlobalSection(ProjectConfigurationPlatforms) = postSolution
		{847C017E-B51F-48DD-9E99-64D24203CB52}.Debug|x64.ActiveCfg = Debug|x64
		{847C017E-B51F-48DD-9E99-64D24203CB52}.Debug|x64.Build.0 = Debug|x64
		{847C017E-B51F-48DD-9E99-64D24203CB52}.Debug|x86.ActiveCfg = Debug|Win32
		{847C017E-B51F-48DD-9E99-64D24203CB52}.Debug|x86.Build.0 = Debug|Win32
		{847C017E-B51F-48DD-9E99-64D24203CB52}.Release|x64.ActiveCfg = Release|x64
		{847C017E-B51F-48DD-9E99-64D24203CB52}.Release|x64.Build.0 = Release|x64
		{847C017E-B51F-48DD-9E99-64D24203CB52}.Release|x86.ActiveCfg = Release|Win32
		{847C017E-B51F-48DD-9E99-64D24203CB52}.Release|x86.Build.0 = Release|Win32
	EndGlobalSection
	GlobalSection(SolutionProperties) = preSolution
		HideSolutionNode = FALSE
	EndGlobalSection
EndGlobal
